PODS:
  - PryntTrimmerView (3.0.0)

DEPENDENCIES:
  - PryntTrimmerView (from `../`)

EXTERNAL SOURCES:
  PryntTrimmerView:
    :path: "../"

SPEC CHECKSUMS:
  PryntTrimmerView: 53ac64053c7ce63cb3e27f54090f52da0734891d

PODFILE CHECKSUM: 9a57d3190d5a70bb58c3d64123970e379115ef99

COCOAPODS: 1.6.0.beta.2
